
Microsoft Visual Studio Solution File, Format Version 12.00
# Visual Studio 15
VisualStudioVersion = 15.0.28307.852
MinimumVisualStudioVersion = 10.0.40219.1
Project("{FAE04EC0-301F-11D3-BF4B-00C04F79EFBC}") = "ConsoleApp2", "ConsoleApp2\ConsoleApp2.csproj", "{73DC1881-0AB7-49A0-A586-AED73A18084F}"
EndProject
Global
	GlobalSection(SolutionConfigurationPlatforms) = preSolution
		Debug|Any CPU = Debug|Any CPU
		Release|Any CPU = Release|Any CPU
	EndGlobalSection
	GlobalSection(ProjectConfigurationPlatforms) = postSolution
		{73DC1881-0AB7-49A0-A586-AED73A18084F}.Debug|Any CPU.ActiveCfg = Debug|Any CPU
		{73DC1881-0AB7-49A0-A586-AED73A18084F}.Debug|Any CPU.Build.0 = Debug|Any CPU
		{73DC1881-0AB7-49A0-A586-AED73A18084F}.Release|Any CPU.ActiveCfg = Release|Any CPU
		{73DC1881-0AB7-49A0-A586-AED73A18084F}.Release|Any CPU.Build.0 = Release|Any CPU
	EndGlobalSection
	GlobalSection(SolutionProperties) = preSolution
		HideSolutionNode = FALSE
	EndGlobalSection
	GlobalSection(ExtensibilityGlobals) = postSolution
		SolutionGuid = {06FEA69A-EF66-44E3-9A78-7125CDF376F2}
	EndGlobalSection
EndGlobal
